// !$*UTF8*$!
{
	archiveVersion = 1;
	classes = {
	};
	objectVersion = 46;
	objects = {

/* Begin PBXBuildFile section */
		83C32ABF3BB84FAAA0AF895D /* libPods.a in Frameworks */ = {isa = PBXBuildFile; fileRef = ECB866CFEA7C4682BFADA66D /* libPods.a */; };
		E245900018CF47D80044A855 /* Foundation.framework in Frameworks */ = {isa = PBXBuildFile; fileRef = E2458FFF18CF47D80044A855 /* Foundation.framework */; };
		E245900218CF47D80044A855 /* CoreGraphics.framework in Frameworks */ = {isa = PBXBuildFile; fileRef = E245900118CF47D80044A855 /* CoreGraphics.framework */; };
		E245900418CF47D80044A855 /* UIKit.framework in Frameworks */ = {isa = PBXBuildFile; fileRef = E245900318CF47D80044A855 /* UIKit.framework */; };
		E245900A18CF47D80044A855 /* InfoPlist.strings in Resources */ = {isa = PBXBuildFile; fileRef = E245900818CF47D80044A855 /* InfoPlist.strings */; };
		E245900C18CF47D80044A855 /* main.m in Sources */ = {isa = PBXBuildFile; fileRef = E245900B18CF47D80044A855 /* main.m */; };
		E245901018CF47D80044A855 /* AppDelegate.m in Sources */ = {isa = PBXBuildFile; fileRef = E245900F18CF47D80044A855 /* AppDelegate.m */; };
		E245901318CF47D80044A855 /* Main.storyboard in Resources */ = {isa = PBXBuildFile; fileRef = E245901118CF47D80044A855 /* Main.storyboard */; };
		E245901618CF47D80044A855 /* ViewController.m in Sources */ = {isa = PBXBuildFile; fileRef = E245901518CF47D80044A855 /* ViewController.m */; };
		E245901818CF47D80044A855 /* Images.xcassets in Resources */ = {isa = PBXBuildFile; fileRef = E245901718CF47D80044A855 /* Images.xcassets */; };
		E245901F18CF47D80044A855 /* XCTest.framework in Frameworks */ = {isa = PBXBuildFile; fileRef = E245901E18CF47D80044A855 /* XCTest.framework */; };
		E245902018CF47D80044A855 /* Foundation.framework in Frameworks */ = {isa = PBXBuildFile; fileRef = E2458FFF18CF47D80044A855 /* Foundation.framework */; };
		E245902118CF47D80044A855 /* UIKit.framework in Frameworks */ = {isa = PBXBuildFile; fileRef = E245900318CF47D80044A855 /* UIKit.framework */; };
		E245902918CF47D80044A855 /* InfoPlist.strings in Resources */ = {isa = PBXBuildFile; fileRef = E245902718CF47D80044A855 /* InfoPlist.strings */; };
		E245902B18CF47D80044A855 /* AnagramTests.m in Sources */ = {isa = PBXBuildFile; fileRef = E245902A18CF47D80044A855 /* AnagramTests.m */; };
		E2470F2118FDEB8200BE6DAE /* DataStore.m in Sources */ = {isa = PBXBuildFile; fileRef = E2470F2018FDEB8200BE6DAE /* DataStore.m */; };
		E25C70391911702300AAD2DA /* wordObject.m in Sources */ = {isa = PBXBuildFile; fileRef = E25C70381911702300AAD2DA /* wordObject.m */; };
		E26163FE191994C00032AC6B /* Icon-60@2x@2x.png in Resources */ = {isa = PBXBuildFile; fileRef = E26163FD191994C00032AC6B /* Icon-60@2x@2x.png */; };
		E2616400191994E40032AC6B /* Icon-60@2x.png in Resources */ = {isa = PBXBuildFile; fileRef = E26163FF191994E40032AC6B /* Icon-60@2x.png */; };
		E2B21DD21910335D005108ED /* UIColor+Colors.m in Sources */ = {isa = PBXBuildFile; fileRef = E2B21DD11910335D005108ED /* UIColor+Colors.m */; };
		E2C0103A191A9611009202AD /* LS Splash.png in Resources */ = {isa = PBXBuildFile; fileRef = E2C01039191A9611009202AD /* LS Splash.png */; };
		E2D3989419144C1500E68D6D /* InformationViewController.m in Sources */ = {isa = PBXBuildFile; fileRef = E2D3989319144C1500E68D6D /* InformationViewController.m */; };
		E2D830E218FD8B4200033B1D /* word_list.txt in Resources */ = {isa = PBXBuildFile; fileRef = E2D830E118FD8B4200033B1D /* word_list.txt */; };
		E2D830E518FD937400033B1D /* WordList.m in Sources */ = {isa = PBXBuildFile; fileRef = E2D830E418FD937400033B1D /* WordList.m */; };
/* End PBXBuildFile section */

/* Begin PBXContainerItemProxy section */
		E245902218CF47D80044A855 /* PBXContainerItemProxy */ = {
			isa = PBXContainerItemProxy;
			containerPortal = E2458FF418CF47D80044A855 /* Project object */;
			proxyType = 1;
			remoteGlobalIDString = E2458FFB18CF47D80044A855;
			remoteInfo = Anagram;
		};
/* End PBXContainerItemProxy section */

/* Begin PBXFileReference section */
		4FCD65583CDF45B8B2320AFD /* Pods.xcconfig */ = {isa = PBXFileReference; includeInIndex = 1; lastKnownFileType = text.xcconfig; name = Pods.xcconfig; path = Pods/Pods.xcconfig; sourceTree = "<group>"; };
		E2458FFC18CF47D80044A855 /* Letter Sort.app */ = {isa = PBXFileReference; explicitFileType = wrapper.application; includeInIndex = 0; path = "Letter Sort.app"; sourceTree = BUILT_PRODUCTS_DIR; };
		E2458FFF18CF47D80044A855 /* Foundation.framework */ = {isa = PBXFileReference; lastKnownFileType = wrapper.framework; name = Foundation.framework; path = System/Library/Frameworks/Foundation.framework; sourceTree = SDKROOT; };
		E245900118CF47D80044A855 /* CoreGraphics.framework */ = {isa = PBXFileReference; lastKnownFileType = wrapper.framework; name = CoreGraphics.framework; path = System/Library/Frameworks/CoreGraphics.framework; sourceTree = SDKROOT; };
		E245900318CF47D80044A855 /* UIKit.framework */ = {isa = PBXFileReference; lastKnownFileType = wrapper.framework; name = UIKit.framework; path = System/Library/Frameworks/UIKit.framework; sourceTree = SDKROOT; };
		E245900718CF47D80044A855 /* Letter Sort-Info.plist */ = {isa = PBXFileReference; lastKnownFileType = text.plist.xml; path = "Letter Sort-Info.plist"; sourceTree = "<group>"; };
		E245900918CF47D80044A855 /* en */ = {isa = PBXFileReference; lastKnownFileType = text.plist.strings; name = en; path = en.lproj/InfoPlist.strings; sourceTree = "<group>"; };
		E245900B18CF47D80044A855 /* main.m */ = {isa = PBXFileReference; lastKnownFileType = sourcecode.c.objc; path = main.m; sourceTree = "<group>"; };
		E245900D18CF47D80044A855 /* Letter Sort-Prefix.pch */ = {isa = PBXFileReference; lastKnownFileType = sourcecode.c.h; path = "Letter Sort-Prefix.pch"; sourceTree = "<group>"; };
		E245900E18CF47D80044A855 /* AppDelegate.h */ = {isa = PBXFileReference; lastKnownFileType = sourcecode.c.h; path = AppDelegate.h; sourceTree = "<group>"; };
		E245900F18CF47D80044A855 /* AppDelegate.m */ = {isa = PBXFileReference; lastKnownFileType = sourcecode.c.objc; path = AppDelegate.m; sourceTree = "<group>"; };
		E245901218CF47D80044A855 /* Base */ = {isa = PBXFileReference; lastKnownFileType = file.storyboard; name = Base; path = Base.lproj/Main.storyboard; sourceTree = "<group>"; };
		E245901418CF47D80044A855 /* ViewController.h */ = {isa = PBXFileReference; lastKnownFileType = sourcecode.c.h; path = ViewController.h; sourceTree = "<group>"; };
		E245901518CF47D80044A855 /* ViewController.m */ = {isa = PBXFileReference; lastKnownFileType = sourcecode.c.objc; path = ViewController.m; sourceTree = "<group>"; };
		E245901718CF47D80044A855 /* Images.xcassets */ = {isa = PBXFileReference; lastKnownFileType = folder.assetcatalog; path = Images.xcassets; sourceTree = "<group>"; };
		E245901D18CF47D80044A855 /* Letter SortTests.xctest */ = {isa = PBXFileReference; explicitFileType = wrapper.cfbundle; includeInIndex = 0; path = "Letter SortTests.xctest"; sourceTree = BUILT_PRODUCTS_DIR; };
		E245901E18CF47D80044A855 /* XCTest.framework */ = {isa = PBXFileReference; lastKnownFileType = wrapper.framework; name = XCTest.framework; path = Library/Frameworks/XCTest.framework; sourceTree = DEVELOPER_DIR; };
		E245902618CF47D80044A855 /* Letter SortTests-Info.plist */ = {isa = PBXFileReference; lastKnownFileType = text.plist.xml; path = "Letter SortTests-Info.plist"; sourceTree = "<group>"; };
		E245902818CF47D80044A855 /* en */ = {isa = PBXFileReference; lastKnownFileType = text.plist.strings; name = en; path = en.lproj/InfoPlist.strings; sourceTree = "<group>"; };
		E245902A18CF47D80044A855 /* AnagramTests.m */ = {isa = PBXFileReference; lastKnownFileType = sourcecode.c.objc; path = AnagramTests.m; sourceTree = "<group>"; };
		E2470F1F18FDEB8200BE6DAE /* DataStore.h */ = {isa = PBXFileReference; fileEncoding = 4; lastKnownFileType = sourcecode.c.h; path = DataStore.h; sourceTree = "<group>"; };
		E2470F2018FDEB8200BE6DAE /* DataStore.m */ = {isa = PBXFileReference; fileEncoding = 4; lastKnownFileType = sourcecode.c.objc; path = DataStore.m; sourceTree = "<group>"; };
		E25C70371911702300AAD2DA /* wordObject.h */ = {isa = PBXFileReference; fileEncoding = 4; lastKnownFileType = sourcecode.c.h; path = wordObject.h; sourceTree = "<group>"; };
		E25C70381911702300AAD2DA /* wordObject.m */ = {isa = PBXFileReference; fileEncoding = 4; lastKnownFileType = sourcecode.c.objc; path = wordObject.m; sourceTree = "<group>"; };
		E26163FD191994C00032AC6B /* Icon-60@2x@2x.png */ = {isa = PBXFileReference; lastKnownFileType = image.png; path = "Icon-60@2x@2x.png"; sourceTree = "<group>"; };
		E26163FF191994E40032AC6B /* Icon-60@2x.png */ = {isa = PBXFileReference; lastKnownFileType = image.png; path = "Icon-60@2x.png"; sourceTree = "<group>"; };
		E2B21DD01910335D005108ED /* UIColor+Colors.h */ = {isa = PBXFileReference; fileEncoding = 4; lastKnownFileType = sourcecode.c.h; path = "UIColor+Colors.h"; sourceTree = "<group>"; };
		E2B21DD11910335D005108ED /* UIColor+Colors.m */ = {isa = PBXFileReference; fileEncoding = 4; lastKnownFileType = sourcecode.c.objc; path = "UIColor+Colors.m"; sourceTree = "<group>"; };
		E2C01039191A9611009202AD /* LS Splash.png */ = {isa = PBXFileReference; lastKnownFileType = image.png; path = "LS Splash.png"; sourceTree = "<group>"; };
		E2D3989219144C1500E68D6D /* InformationViewController.h */ = {isa = PBXFileReference; fileEncoding = 4; lastKnownFileType = sourcecode.c.h; path = InformationViewController.h; sourceTree = "<group>"; };
		E2D3989319144C1500E68D6D /* InformationViewController.m */ = {isa = PBXFileReference; fileEncoding = 4; lastKnownFileType = sourcecode.c.objc; path = InformationViewController.m; sourceTree = "<group>"; };
		E2D830E118FD8B4200033B1D /* word_list.txt */ = {isa = PBXFileReference; fileEncoding = 4; lastKnownFileType = text; path = word_list.txt; sourceTree = "<group>"; };
		E2D830E318FD937400033B1D /* WordList.h */ = {isa = PBXFileReference; fileEncoding = 4; lastKnownFileType = sourcecode.c.h; path = WordList.h; sourceTree = "<group>"; };
		E2D830E418FD937400033B1D /* WordList.m */ = {isa = PBXFileReference; fileEncoding = 4; lastKnownFileType = sourcecode.c.objc; path = WordList.m; sourceTree = "<group>"; };
		ECB866CFEA7C4682BFADA66D /* libPods.a */ = {isa = PBXFileReference; explicitFileType = archive.ar; includeInIndex = 0; path = libPods.a; sourceTree = BUILT_PRODUCTS_DIR; };
/* End PBXFileReference section */

/* Begin PBXFrameworksBuildPhase section */
		E2458FF918CF47D80044A855 /* Frameworks */ = {
			isa = PBXFrameworksBuildPhase;
			buildActionMask = 2147483647;
			files = (
				E245900218CF47D80044A855 /* CoreGraphics.framework in Frameworks */,
				E245900418CF47D80044A855 /* UIKit.framework in Frameworks */,
				E245900018CF47D80044A855 /* Foundation.framework in Frameworks */,
				83C32ABF3BB84FAAA0AF895D /* libPods.a in Frameworks */,
			);
			runOnlyForDeploymentPostprocessing = 0;
		};
		E245901A18CF47D80044A855 /* Frameworks */ = {
			isa = PBXFrameworksBuildPhase;
			buildActionMask = 2147483647;
			files = (
				E245901F18CF47D80044A855 /* XCTest.framework in Frameworks */,
				E245902118CF47D80044A855 /* UIKit.framework in Frameworks */,
				E245902018CF47D80044A855 /* Foundation.framework in Frameworks */,
			);
			runOnlyForDeploymentPostprocessing = 0;
		};
/* End PBXFrameworksBuildPhase section */

/* Begin PBXGroup section */
		E2458FF318CF47D80044A855 = {
			isa = PBXGroup;
			children = (
				E245900518CF47D80044A855 /* Anagram */,
				E245902418CF47D80044A855 /* AnagramTests */,
				E2458FFE18CF47D80044A855 /* Frameworks */,
				E2458FFD18CF47D80044A855 /* Products */,
				4FCD65583CDF45B8B2320AFD /* Pods.xcconfig */,
			);
			sourceTree = "<group>";
		};
		E2458FFD18CF47D80044A855 /* Products */ = {
			isa = PBXGroup;
			children = (
				E2458FFC18CF47D80044A855 /* Letter Sort.app */,
				E245901D18CF47D80044A855 /* Letter SortTests.xctest */,
			);
			name = Products;
			sourceTree = "<group>";
		};
		E2458FFE18CF47D80044A855 /* Frameworks */ = {
			isa = PBXGroup;
			children = (
				E2458FFF18CF47D80044A855 /* Foundation.framework */,
				E245900118CF47D80044A855 /* CoreGraphics.framework */,
				E245900318CF47D80044A855 /* UIKit.framework */,
				E245901E18CF47D80044A855 /* XCTest.framework */,
				ECB866CFEA7C4682BFADA66D /* libPods.a */,
			);
			name = Frameworks;
			sourceTree = "<group>";
		};
		E245900518CF47D80044A855 /* Anagram */ = {
			isa = PBXGroup;
			children = (
				E2D830E118FD8B4200033B1D /* word_list.txt */,
				E245900E18CF47D80044A855 /* AppDelegate.h */,
				E245900F18CF47D80044A855 /* AppDelegate.m */,
				E245901118CF47D80044A855 /* Main.storyboard */,
				E245901418CF47D80044A855 /* ViewController.h */,
				E245901518CF47D80044A855 /* ViewController.m */,
				E2D3989219144C1500E68D6D /* InformationViewController.h */,
				E2D3989319144C1500E68D6D /* InformationViewController.m */,
				E2D830E318FD937400033B1D /* WordList.h */,
				E2D830E418FD937400033B1D /* WordList.m */,
				E25C70371911702300AAD2DA /* wordObject.h */,
				E25C70381911702300AAD2DA /* wordObject.m */,
				E2470F1F18FDEB8200BE6DAE /* DataStore.h */,
				E2470F2018FDEB8200BE6DAE /* DataStore.m */,
				E2B21DD01910335D005108ED /* UIColor+Colors.h */,
				E2B21DD11910335D005108ED /* UIColor+Colors.m */,
				E245901718CF47D80044A855 /* Images.xcassets */,
				E2C01039191A9611009202AD /* LS Splash.png */,
				E26163FF191994E40032AC6B /* Icon-60@2x.png */,
				E26163FD191994C00032AC6B /* Icon-60@2x@2x.png */,
				E245900618CF47D80044A855 /* Supporting Files */,
			);
			path = Anagram;
			sourceTree = "<group>";
		};
		E245900618CF47D80044A855 /* Supporting Files */ = {
			isa = PBXGroup;
			children = (
				E245900718CF47D80044A855 /* Letter Sort-Info.plist */,
				E245900818CF47D80044A855 /* InfoPlist.strings */,
				E245900B18CF47D80044A855 /* main.m */,
				E245900D18CF47D80044A855 /* Letter Sort-Prefix.pch */,
			);
			name = "Supporting Files";
			sourceTree = "<group>";
		};
		E245902418CF47D80044A855 /* AnagramTests */ = {
			isa = PBXGroup;
			children = (
				E245902A18CF47D80044A855 /* AnagramTests.m */,
				E245902518CF47D80044A855 /* Supporting Files */,
			);
			path = AnagramTests;
			sourceTree = "<group>";
		};
		E245902518CF47D80044A855 /* Supporting Files */ = {
			isa = PBXGroup;
			children = (
				E245902618CF47D80044A855 /* Letter SortTests-Info.plist */,
				E245902718CF47D80044A855 /* InfoPlist.strings */,
			);
			name = "Supporting Files";
			sourceTree = "<group>";
		};
/* End PBXGroup section */

/* Begin PBXNativeTarget section */
		E2458FFB18CF47D80044A855 /* Letter Sort */ = {
			isa = PBXNativeTarget;
			buildConfigurationList = E245902E18CF47D80044A855 /* Build configuration list for PBXNativeTarget "Letter Sort" */;
			buildPhases = (
				CDD896D97D584332B1D99319 /* Check Pods Manifest.lock */,
				E2458FF818CF47D80044A855 /* Sources */,
				E2458FF918CF47D80044A855 /* Frameworks */,
				E2458FFA18CF47D80044A855 /* Resources */,
				06F7691790EB4D56B20204F8 /* Copy Pods Resources */,
			);
			buildRules = (
			);
			dependencies = (
			);
			name = "Letter Sort";
			productName = Anagram;
			productReference = E2458FFC18CF47D80044A855 /* Letter Sort.app */;
			productType = "com.apple.product-type.application";
		};
		E245901C18CF47D80044A855 /* Letter SortTests */ = {
			isa = PBXNativeTarget;
			buildConfigurationList = E245903118CF47D80044A855 /* Build configuration list for PBXNativeTarget "Letter SortTests" */;
			buildPhases = (
				E245901918CF47D80044A855 /* Sources */,
				E245901A18CF47D80044A855 /* Frameworks */,
				E245901B18CF47D80044A855 /* Resources */,
			);
			buildRules = (
			);
			dependencies = (
				E245902318CF47D80044A855 /* PBXTargetDependency */,
			);
			name = "Letter SortTests";
			productName = AnagramTests;
			productReference = E245901D18CF47D80044A855 /* Letter SortTests.xctest */;
			productType = "com.apple.product-type.bundle.unit-test";
		};
/* End PBXNativeTarget section */

/* Begin PBXProject section */
		E2458FF418CF47D80044A855 /* Project object */ = {
			isa = PBXProject;
			attributes = {
				LastUpgradeCheck = 0500;
				ORGANIZATIONNAME = "Edan Lichtenstein";
				TargetAttributes = {
					E245901C18CF47D80044A855 = {
						TestTargetID = E2458FFB18CF47D80044A855;
					};
				};
			};
			buildConfigurationList = E2458FF718CF47D80044A855 /* Build configuration list for PBXProject "Letter Sort" */;
			compatibilityVersion = "Xcode 3.2";
			developmentRegion = English;
			hasScannedForEncodings = 0;
			knownRegions = (
				en,
				Base,
			);
			mainGroup = E2458FF318CF47D80044A855;
			productRefGroup = E2458FFD18CF47D80044A855 /* Products */;
			projectDirPath = "";
			projectRoot = "";
			targets = (
				E2458FFB18CF47D80044A855 /* Letter Sort */,
				E245901C18CF47D80044A855 /* Letter SortTests */,
			);
		};
/* End PBXProject section */

/* Begin PBXResourcesBuildPhase section */
		E2458FFA18CF47D80044A855 /* Resources */ = {
			isa = PBXResourcesBuildPhase;
			buildActionMask = 2147483647;
			files = (
				E26163FE191994C00032AC6B /* Icon-60@2x@2x.png in Resources */,
				E245901818CF47D80044A855 /* Images.xcassets in Resources */,
				E245900A18CF47D80044A855 /* InfoPlist.strings in Resources */,
				E2D830E218FD8B4200033B1D /* word_list.txt in Resources */,
				E245901318CF47D80044A855 /* Main.storyboard in Resources */,
				E2616400191994E40032AC6B /* Icon-60@2x.png in Resources */,
				E2C0103A191A9611009202AD /* LS Splash.png in Resources */,
			);
			runOnlyForDeploymentPostprocessing = 0;
		};
		E245901B18CF47D80044A855 /* Resources */ = {
			isa = PBXResourcesBuildPhase;
			buildActionMask = 2147483647;
			files = (
				E245902918CF47D80044A855 /* InfoPlist.strings in Resources */,
			);
			runOnlyForDeploymentPostprocessing = 0;
		};
/* End PBXResourcesBuildPhase section */

/* Begin PBXShellScriptBuildPhase section */
		06F7691790EB4D56B20204F8 /* Copy Pods Resources */ = {
			isa = PBXShellScriptBuildPhase;
			buildActionMask = 2147483647;
			files = (
			);
			inputPaths = (
			);
			name = "Copy Pods Resources";
			outputPaths = (
			);
			runOnlyForDeploymentPostprocessing = 0;
			shellPath = /bin/sh;
			shellScript = "\"${SRCROOT}/Pods/Pods-resources.sh\"\n";
			showEnvVarsInLog = 0;
		};
		CDD896D97D584332B1D99319 /* Check Pods Manifest.lock */ = {
			isa = PBXShellScriptBuildPhase;
			buildActionMask = 2147483647;
			files = (
			);
			inputPaths = (
			);
			name = "Check Pods Manifest.lock";
			outputPaths = (
			);
			runOnlyForDeploymentPostprocessing = 0;
			shellPath = /bin/sh;
			shellScript = "diff \"${PODS_ROOT}/../Podfile.lock\" \"${PODS_ROOT}/Manifest.lock\" > /dev/null\nif [[ $? != 0 ]] ; then\n    cat << EOM\nerror: The sandbox is not in sync with the Podfile.lock. Run 'pod install' or update your CocoaPods installation.\nEOM\n    exit 1\nfi\n";
			showEnvVarsInLog = 0;
		};
/* End PBXShellScriptBuildPhase section */

/* Begin PBXSourcesBuildPhase section */
		E2458FF818CF47D80044A855 /* Sources */ = {
			isa = PBXSourcesBuildPhase;
			buildActionMask = 2147483647;
			files = (
				E2470F2118FDEB8200BE6DAE /* DataStore.m in Sources */,
				E2B21DD21910335D005108ED /* UIColor+Colors.m in Sources */,
				E25C70391911702300AAD2DA /* wordObject.m in Sources */,
				E2D3989419144C1500E68D6D /* InformationViewController.m in Sources */,
				E245901618CF47D80044A855 /* ViewController.m in Sources */,
				E2D830E518FD937400033B1D /* WordList.m in Sources */,
				E245901018CF47D80044A855 /* AppDelegate.m in Sources */,
				E245900C18CF47D80044A855 /* main.m in Sources */,
			);
			runOnlyForDeploymentPostprocessing = 0;
		};
		E245901918CF47D80044A855 /* Sources */ = {
			isa = PBXSourcesBuildPhase;
			buildActionMask = 2147483647;
			files = (
				E245902B18CF47D80044A855 /* AnagramTests.m in Sources */,
			);
			runOnlyForDeploymentPostprocessing = 0;
		};
/* End PBXSourcesBuildPhase section */

/* Begin PBXTargetDependency section */
		E245902318CF47D80044A855 /* PBXTargetDependency */ = {
			isa = PBXTargetDependency;
			target = E2458FFB18CF47D80044A855 /* Letter Sort */;
			targetProxy = E245902218CF47D80044A855 /* PBXContainerItemProxy */;
		};
/* End PBXTargetDependency section */

/* Begin PBXVariantGroup section */
		E245900818CF47D80044A855 /* InfoPlist.strings */ = {
			isa = PBXVariantGroup;
			children = (
				E245900918CF47D80044A855 /* en */,
			);
			name = InfoPlist.strings;
			sourceTree = "<group>";
		};
		E245901118CF47D80044A855 /* Main.storyboard */ = {
			isa = PBXVariantGroup;
			children = (
				E245901218CF47D80044A855 /* Base */,
			);
			name = Main.storyboard;
			sourceTree = "<group>";
		};
		E245902718CF47D80044A855 /* InfoPlist.strings */ = {
			isa = PBXVariantGroup;
			children = (
				E245902818CF47D80044A855 /* en */,
			);
			name = InfoPlist.strings;
			sourceTree = "<group>";
		};
/* End PBXVariantGroup section */

/* Begin XCBuildConfiguration section */
		E245902C18CF47D80044A855 /* Debug */ = {
			isa = XCBuildConfiguration;
			buildSettings = {
				ALWAYS_SEARCH_USER_PATHS = NO;
				ARCHS = "$(ARCHS_STANDARD_INCLUDING_64_BIT)";
				CLANG_CXX_LANGUAGE_STANDARD = "gnu++0x";
				CLANG_CXX_LIBRARY = "libc++";
				CLANG_ENABLE_MODULES = YES;
				CLANG_ENABLE_OBJC_ARC = YES;
				CLANG_WARN_BOOL_CONVERSION = YES;
				CLANG_WARN_CONSTANT_CONVERSION = YES;
				CLANG_WARN_DIRECT_OBJC_ISA_USAGE = YES_ERROR;
				CLANG_WARN_EMPTY_BODY = YES;
				CLANG_WARN_ENUM_CONVERSION = YES;
				CLANG_WARN_INT_CONVERSION = YES;
				CLANG_WARN_OBJC_ROOT_CLASS = YES_ERROR;
				CLANG_WARN__DUPLICATE_METHOD_MATCH = YES;
				"CODE_SIGN_IDENTITY[sdk=iphoneos*]" = "iPhone Developer";
				COPY_PHASE_STRIP = NO;
				GCC_C_LANGUAGE_STANDARD = gnu99;
				GCC_DYNAMIC_NO_PIC = NO;
				GCC_OPTIMIZATION_LEVEL = 0;
				GCC_PREPROCESSOR_DEFINITIONS = (
					"DEBUG=1",
					"$(inherited)",
				);
				GCC_SYMBOLS_PRIVATE_EXTERN = NO;
				GCC_WARN_64_TO_32_BIT_CONVERSION = YES;
				GCC_WARN_ABOUT_RETURN_TYPE = YES_ERROR;
				GCC_WARN_UNDECLARED_SELECTOR = YES;
				GCC_WARN_UNINITIALIZED_AUTOS = YES;
				GCC_WARN_UNUSED_FUNCTION = YES;
				GCC_WARN_UNUSED_VARIABLE = YES;
				IPHONEOS_DEPLOYMENT_TARGET = 7.0;
				ONLY_ACTIVE_ARCH = YES;
				SDKROOT = iphoneos;
			};
			name = Debug;
		};
		E245902D18CF47D80044A855 /* Release */ = {
			isa = XCBuildConfiguration;
			buildSettings = {
				ALWAYS_SEARCH_USER_PATHS = NO;
				ARCHS = "$(ARCHS_STANDARD_INCLUDING_64_BIT)";
				CLANG_CXX_LANGUAGE_STANDARD = "gnu++0x";
				CLANG_CXX_LIBRARY = "libc++";
				CLANG_ENABLE_MODULES = YES;
				CLANG_ENABLE_OBJC_ARC = YES;
				CLANG_WARN_BOOL_CONVERSION = YES;
				CLANG_WARN_CONSTANT_CONVERSION = YES;
				CLANG_WARN_DIRECT_OBJC_ISA_USAGE = YES_ERROR;
				CLANG_WARN_EMPTY_BODY = YES;
				CLANG_WARN_ENUM_CONVERSION = YES;
				CLANG_WARN_INT_CONVERSION = YES;
				CLANG_WARN_OBJC_ROOT_CLASS = YES_ERROR;
				CLANG_WARN__DUPLICATE_METHOD_MATCH = YES;
				"CODE_SIGN_IDENTITY[sdk=iphoneos*]" = "iPhone Developer";
				COPY_PHASE_STRIP = YES;
				ENABLE_NS_ASSERTIONS = NO;
				GCC_C_LANGUAGE_STANDARD = gnu99;
				GCC_WARN_64_TO_32_BIT_CONVERSION = YES;
				GCC_WARN_ABOUT_RETURN_TYPE = YES_ERROR;
				GCC_WARN_UNDECLARED_SELECTOR = YES;
				GCC_WARN_UNINITIALIZED_AUTOS = YES;
				GCC_WARN_UNUSED_FUNCTION = YES;
				GCC_WARN_UNUSED_VARIABLE = YES;
				IPHONEOS_DEPLOYMENT_TARGET = 7.0;
				SDKROOT = iphoneos;
				VALIDATE_PRODUCT = YES;
			};
			name = Release;
		};
		E245902F18CF47D80044A855 /* Debug */ = {
			isa = XCBuildConfiguration;
			baseConfigurationReference = 4FCD65583CDF45B8B2320AFD /* Pods.xcconfig */;
			buildSettings = {
				ASSETCATALOG_COMPILER_APPICON_NAME = AppIcon;
				ASSETCATALOG_COMPILER_LAUNCHIMAGE_NAME = LaunchImage;
				GCC_PRECOMPILE_PREFIX_HEADER = YES;
				GCC_PREFIX_HEADER = "Anagram/Letter Sort-Prefix.pch";
				INFOPLIST_FILE = "Anagram/Letter Sort-Info.plist";
				PRODUCT_NAME = "Letter Sort";
				WRAPPER_EXTENSION = app;
			};
			name = Debug;
		};
		E245903018CF47D80044A855 /* Release */ = {
			isa = XCBuildConfiguration;
			baseConfigurationReference = 4FCD65583CDF45B8B2320AFD /* Pods.xcconfig */;
			buildSettings = {
				ASSETCATALOG_COMPILER_APPICON_NAME = AppIcon;
				ASSETCATALOG_COMPILER_LAUNCHIMAGE_NAME = LaunchImage;
				GCC_PRECOMPILE_PREFIX_HEADER = YES;
				GCC_PREFIX_HEADER = "Anagram/Letter Sort-Prefix.pch";
				INFOPLIST_FILE = "Anagram/Letter Sort-Info.plist";
				PRODUCT_NAME = "Letter Sort";
				WRAPPER_EXTENSION = app;
			};
			name = Release;
		};
		E245903218CF47D80044A855 /* Debug */ = {
			isa = XCBuildConfiguration;
			buildSettings = {
				ARCHS = "$(ARCHS_STANDARD_INCLUDING_64_BIT)";
				BUNDLE_LOADER = "$(BUILT_PRODUCTS_DIR)/Anagram.app/Anagram";
				FRAMEWORK_SEARCH_PATHS = (
					"$(SDKROOT)/Developer/Library/Frameworks",
					"$(inherited)",
					"$(DEVELOPER_FRAMEWORKS_DIR)",
				);
				GCC_PRECOMPILE_PREFIX_HEADER = YES;
				GCC_PREFIX_HEADER = "Anagram/Anagram-Prefix.pch";
				GCC_PREPROCESSOR_DEFINITIONS = (
					"DEBUG=1",
					"$(inherited)",
				);
				INFOPLIST_FILE = "AnagramTests/Letter SortTests-Info.plist";
				PRODUCT_NAME = "Letter SortTests";
				TEST_HOST = "$(BUNDLE_LOADER)";
				WRAPPER_EXTENSION = xctest;
			};
			name = Debug;
		};
		E245903318CF47D80044A855 /* Release */ = {
			isa = XCBuildConfiguration;
			buildSettings = {
				ARCHS = "$(ARCHS_STANDARD_INCLUDING_64_BIT)";
				BUNDLE_LOADER = "$(BUILT_PRODUCTS_DIR)/Anagram.app/Anagram";
				FRAMEWORK_SEARCH_PATHS = (
					"$(SDKROOT)/Developer/Library/Frameworks",
					"$(inherited)",
					"$(DEVELOPER_FRAMEWORKS_DIR)",
				);
				GCC_PRECOMPILE_PREFIX_HEADER = YES;
				GCC_PREFIX_HEADER = "Anagram/Anagram-Prefix.pch";
				INFOPLIST_FILE = "AnagramTests/Letter SortTests-Info.plist";
				PRODUCT_NAME = "Letter SortTests";
				TEST_HOST = "$(BUNDLE_LOADER)";
				WRAPPER_EXTENSION = xctest;
			};
			name = Release;
		};
/* End XCBuildConfiguration section */

/* Begin XCConfigurationList section */
		E2458FF718CF47D80044A855 /* Build configuration list for PBXProject "Letter Sort" */ = {
			isa = XCConfigurationList;
			buildConfigurations = (
				E245902C18CF47D80044A855 /* Debug */,
				E245902D18CF47D80044A855 /* Release */,
			);
			defaultConfigurationIsVisible = 0;
			defaultConfigurationName = Release;
		};
		E245902E18CF47D80044A855 /* Build configuration list for PBXNativeTarget "Letter Sort" */ = {
			isa = XCConfigurationList;
			buildConfigurations = (
				E245902F18CF47D80044A855 /* Debug */,
				E245903018CF47D80044A855 /* Release */,
			);
			defaultConfigurationIsVisible = 0;
			defaultConfigurationName = Release;
		};
		E245903118CF47D80044A855 /* Build configuration list for PBXNativeTarget "Letter SortTests" */ = {
			isa = XCConfigurationList;
			buildConfigurations = (
				E245903218CF47D80044A855 /* Debug */,
				E245903318CF47D80044A855 /* Release */,
			);
			defaultConfigurationIsVisible = 0;
			defaultConfigurationName = Release;
		};
/* End XCConfigurationList section */
	};
	rootObject = E2458FF418CF47D80044A855 /* Project object */;
}
